
Microsoft Visual Studio Solution File, Format Version 12.00
# Visual Studio Version 17
VisualStudioVersion = 17.0.31903.59
MinimumVisualStudioVersion = 10.0.40219.1
Project("{FAE04EC0-301F-11D3-BF4B-00C04F79EFBC}") = "RighSize", "RighSize\RighSize.csproj", "{B84E41C3-4B6B-4697-9066-FDE3988713BE}"
EndProject
Project("{FAE04EC0-301F-11D3-BF4B-00C04F79EFBC}") = "ChangeString", "ChangeString\ChangeString.csproj", "{4E80CA6F-2B7A-458D-AB78-42F9103C2A41}"
EndProject
Project("{FAE04EC0-301F-11D3-BF4B-00C04F79EFBC}") = "ArrayMul", "ArrayMul\ArrayMul.csproj", "{0BB67DA6-3B0F-4B24-A048-74B863D9F498}"
EndProject
Project("{FAE04EC0-301F-11D3-BF4B-00C04F79EFBC}") = "HeroPerk", "HeroPerk\HeroPerk.csproj", "{DC6EBBCB-95DD-4739-9EF2-9B6B180B108E}"
EndProject
Global
	GlobalSection(SolutionConfigurationPlatforms) = preSolution
		Debug|Any CPU = Debug|Any CPU
		Release|Any CPU = Release|Any CPU
	EndGlobalSection
	GlobalSection(SolutionProperties) = preSolution
		HideSolutionNode = FALSE
	EndGlobalSection
	GlobalSection(ProjectConfigurationPlatforms) = postSolution
		{B84E41C3-4B6B-4697-9066-FDE3988713BE}.Debug|Any CPU.ActiveCfg = Debug|Any CPU
		{B84E41C3-4B6B-4697-9066-FDE3988713BE}.Debug|Any CPU.Build.0 = Debug|Any CPU
		{B84E41C3-4B6B-4697-9066-FDE3988713BE}.Release|Any CPU.ActiveCfg = Release|Any CPU
		{B84E41C3-4B6B-4697-9066-FDE3988713BE}.Release|Any CPU.Build.0 = Release|Any CPU
		{4E80CA6F-2B7A-458D-AB78-42F9103C2A41}.Debug|Any CPU.ActiveCfg = Debug|Any CPU
		{4E80CA6F-2B7A-458D-AB78-42F9103C2A41}.Debug|Any CPU.Build.0 = Debug|Any CPU
		{4E80CA6F-2B7A-458D-AB78-42F9103C2A41}.Release|Any CPU.ActiveCfg = Release|Any CPU
		{4E80CA6F-2B7A-458D-AB78-42F9103C2A41}.Release|Any CPU.Build.0 = Release|Any CPU
		{0BB67DA6-3B0F-4B24-A048-74B863D9F498}.Debug|Any CPU.ActiveCfg = Debug|Any CPU
		{0BB67DA6-3B0F-4B24-A048-74B863D9F498}.Debug|Any CPU.Build.0 = Debug|Any CPU
		{0BB67DA6-3B0F-4B24-A048-74B863D9F498}.Release|Any CPU.ActiveCfg = Release|Any CPU
		{0BB67DA6-3B0F-4B24-A048-74B863D9F498}.Release|Any CPU.Build.0 = Release|Any CPU
		{DC6EBBCB-95DD-4739-9EF2-9B6B180B108E}.Debug|Any CPU.ActiveCfg = Debug|Any CPU
		{DC6EBBCB-95DD-4739-9EF2-9B6B180B108E}.Debug|Any CPU.Build.0 = Debug|Any CPU
		{DC6EBBCB-95DD-4739-9EF2-9B6B180B108E}.Release|Any CPU.ActiveCfg = Release|Any CPU
		{DC6EBBCB-95DD-4739-9EF2-9B6B180B108E}.Release|Any CPU.Build.0 = Release|Any CPU
	EndGlobalSection
EndGlobal
